{
    "name": "@shah/tsn-content-classification-html-anchors",
    "version": "0.6.0",
    "lockfileVersion": 1,
    "requires": true,
    "dependencies": {
        "@shah/ts-content-classification": {
            "version": "0.9.0",
            "resolved": "https://npm.pkg.github.com/download/@shah/ts-content-classification/0.9.0/76001cf22b3d1261ca785cd7785a3a0e393a7615bb97d98e191db5ae186e519e",
            "integrity": "sha512-N4GpqM/b+b/b0ESZDU+81IERJ5AyUOf01A8HBE00xB3J1Dy7SlMU1yXkgcA/H1u18ErtJRR6QTlBAXtChuBXiw=="
        }
    }
}
